{
  "dependencies": {
    "de-indent": {
      "version": "1.0.2",
      "resolved": "https://registry.npmjs.org/de-indent/-/de-indent-1.0.2.tgz",
      "from": "de-indent@>=1.0.2 <2.0.0"
    },
    "he": {
      "version": "1.1.0",
      "resolved": "https://registry.npmjs.org/he/-/he-1.1.0.tgz",
      "from": "he@>=1.1.0 <2.0.0"
    },
    "lodash": {
      "version": "4.13.1",
      "resolved": "https://registry.npmjs.org/lodash/-/lodash-4.13.1.tgz",
      "from": "lodash@4.13.1"
    },
    "vue-template-compiler": {
      "version": "2.0.3",
      "resolved": "https://registry.npmjs.org/vue-template-compiler/-/vue-template-compiler-2.0.3.tgz",
      "from": "vue-template-compiler@2.0.3"
    }
  }
}
